<?xml version="1.0" encoding="utf-8"?>
<Project ToolsVersion="4.0" xmlns="http://schemas.microsoft.com/developer/msbuild/2003">
  <ItemGroup>
    <Filter Include="Source Files">
      <UniqueIdentifier>{4FC737F1-C7A5-4376-A066-2A32D752A2FF}</UniqueIdentifier>
      <Extensions>cpp;c;cc;cxx;def;odl;idl;hpj;bat;asm;asmx</Extensions>
    </Filter>
    <Filter Include="1.ThanhPhan">
      <UniqueIdentifier>{33419ef9-a572-4d63-82b9-3cc00f495a20}</UniqueIdentifier>
    </Filter>
    <Filter Include="3.DieuKhien">
      <UniqueIdentifier>{82ddea42-1406-439d-8805-0f1c3c2c32c1}</UniqueIdentifier>
    </Filter>
    <Filter Include="4.DoiTuong">
      <UniqueIdentifier>{327dbaa2-0f46-4f2e-aeec-9d3956c84b71}</UniqueIdentifier>
    </Filter>
    <Filter Include="FileDocMap">
      <UniqueIdentifier>{3bdb088f-fe07-4b71-84ec-5724b56d9727}</UniqueIdentifier>
    </Filter>
    <Filter Include="2.ManGame">
      <UniqueIdentifier>{c026a73f-790e-4650-aed6-29fe2f1eeb48}</UniqueIdentifier>
    </Filter>
    <Filter Include="0.NenTang">
      <UniqueIdentifier>{95f4a8bc-7b8a-4158-8ddd-6a7355f162df}</UniqueIdentifier>
    </Filter>
  </ItemGroup>
  <ItemGroup>
    <ClCompile Include="main.cpp">
      <Filter>Source Files</Filter>
    </ClCompile>
    <ClCompile Include="MapReader\TmxTile.cpp">
      <Filter>FileDocMap</Filter>
    </ClCompile>
    <ClCompile Include="MapReader\TmxTileLayer.cpp">
      <Filter>FileDocMap</Filter>
    </ClCompile>
    <ClCompile Include="MapReader\TmxTileOffset.cpp">
      <Filter>FileDocMap</Filter>
    </ClCompile>
    <ClCompile Include="MapReader\TmxTileset.cpp">
      <Filter>FileDocMap</Filter>
    </ClCompile>
    <ClCompile Include="MapReader\TmxUtil.cpp">
      <Filter>FileDocMap</Filter>
    </ClCompile>
    <ClCompile Include="MapReader\base64.cpp">
      <Filter>FileDocMap</Filter>
    </ClCompile>
    <ClCompile Include="MapReader\miniz.c">
      <Filter>FileDocMap</Filter>
    </ClCompile>
    <ClCompile Include="MapReader\tinyxml2.cpp">
      <Filter>FileDocMap</Filter>
    </ClCompile>
    <ClCompile Include="MapReader\TmxEllipse.cpp">
      <Filter>FileDocMap</Filter>
    </ClCompile>
    <ClCompile Include="MapReader\TmxImage.cpp">
      <Filter>FileDocMap</Filter>
    </ClCompile>
    <ClCompile Include="MapReader\TmxImageLayer.cpp">
      <Filter>FileDocMap</Filter>
    </ClCompile>
    <ClCompile Include="MapReader\TmxLayer.cpp">
      <Filter>FileDocMap</Filter>
    </ClCompile>
    <ClCompile Include="MapReader\TmxMap.cpp">
      <Filter>FileDocMap</Filter>
    </ClCompile>
    <ClCompile Include="MapReader\TmxObject.cpp">
      <Filter>FileDocMap</Filter>
    </ClCompile>
    <ClCompile Include="MapReader\TmxObjectGroup.cpp">
      <Filter>FileDocMap</Filter>
    </ClCompile>
    <ClCompile Include="MapReader\TmxPolygon.cpp">
      <Filter>FileDocMap</Filter>
    </ClCompile>
    <ClCompile Include="MapReader\TmxPolyline.cpp">
      <Filter>FileDocMap</Filter>
    </ClCompile>
    <ClCompile Include="MapReader\TmxPropertySet.cpp">
      <Filter>FileDocMap</Filter>
    </ClCompile>
    <ClCompile Include="MapReader\TmxTerrain.cpp">
      <Filter>FileDocMap</Filter>
    </ClCompile>
    <ClCompile Include="MapReader\TmxTerrainArray.cpp">
      <Filter>FileDocMap</Filter>
    </ClCompile>
    <ClCompile Include="QuanLyManGame.cpp">
      <Filter>3.DieuKhien</Filter>
    </ClCompile>
    <ClCompile Include="Game.cpp">
      <Filter>1.ThanhPhan</Filter>
    </ClCompile>
    <ClCompile Include="BanDoGame.cpp">
      <Filter>1.ThanhPhan</Filter>
    </ClCompile>
    <ClCompile Include="Camera.cpp">
      <Filter>0.NenTang</Filter>
    </ClCompile>
    <ClCompile Include="HinhAnh.cpp">
      <Filter>0.NenTang</Filter>
    </ClCompile>
    <ClCompile Include="HoatHinh.cpp">
      <Filter>0.NenTang</Filter>
    </ClCompile>
    <ClCompile Include="ThoiGianGame.cpp">
      <Filter>0.NenTang</Filter>
    </ClCompile>
    <ClCompile Include="ToanCauGame.cpp">
      <Filter>0.NenTang</Filter>
    </ClCompile>
    <ClCompile Include="VaChamGame.cpp">
      <Filter>0.NenTang</Filter>
    </ClCompile>
    <ClCompile Include="ManGioiThieu.cpp">
      <Filter>2.ManGame</Filter>
    </ClCompile>
    <ClCompile Include="GachBinhThuong.cpp">
      <Filter>4.DoiTuong</Filter>
    </ClCompile>
    <ClCompile Include="GachVang.cpp">
      <Filter>4.DoiTuong</Filter>
    </ClCompile>
    <ClCompile Include="VienGach.cpp">
      <Filter>4.DoiTuong</Filter>
    </ClCompile>
    <ClCompile Include="DoiTuong.cpp">
      <Filter>4.DoiTuong</Filter>
    </ClCompile>
    <ClCompile Include="DanhSachDoiTuong.cpp">
      <Filter>0.NenTang</Filter>
    </ClCompile>
  </ItemGroup>
  <ItemGroup>
    <ClInclude Include="MapReader\TmxTerrainArray.h">
      <Filter>FileDocMap</Filter>
    </ClInclude>
    <ClInclude Include="MapReader\TmxTile.h">
      <Filter>FileDocMap</Filter>
    </ClInclude>
    <ClInclude Include="MapReader\TmxTileLayer.h">
      <Filter>FileDocMap</Filter>
    </ClInclude>
    <ClInclude Include="MapReader\TmxTileOffset.h">
      <Filter>FileDocMap</Filter>
    </ClInclude>
    <ClInclude Include="MapReader\TmxTileset.h">
      <Filter>FileDocMap</Filter>
    </ClInclude>
    <ClInclude Include="MapReader\TmxUtil.h">
      <Filter>FileDocMap</Filter>
    </ClInclude>
    <ClInclude Include="MapReader\zconf.h">
      <Filter>FileDocMap</Filter>
    </ClInclude>
    <ClInclude Include="MapReader\zlib.h">
      <Filter>FileDocMap</Filter>
    </ClInclude>
    <ClInclude Include="MapReader\base64.h">
      <Filter>FileDocMap</Filter>
    </ClInclude>
    <ClInclude Include="MapReader\tinyxml2.h">
      <Filter>FileDocMap</Filter>
    </ClInclude>
    <ClInclude Include="MapReader\TmxEllipse.h">
      <Filter>FileDocMap</Filter>
    </ClInclude>
    <ClInclude Include="MapReader\TmxImage.h">
      <Filter>FileDocMap</Filter>
    </ClInclude>
    <ClInclude Include="MapReader\TmxImageLayer.h">
      <Filter>FileDocMap</Filter>
    </ClInclude>
    <ClInclude Include="MapReader\TmxLayer.h">
      <Filter>FileDocMap</Filter>
    </ClInclude>
    <ClInclude Include="MapReader\TmxMap.h">
      <Filter>FileDocMap</Filter>
    </ClInclude>
    <ClInclude Include="MapReader\TmxMapTile.h">
      <Filter>FileDocMap</Filter>
    </ClInclude>
    <ClInclude Include="MapReader\TmxObject.h">
      <Filter>FileDocMap</Filter>
    </ClInclude>
    <ClInclude Include="MapReader\TmxObjectGroup.h">
      <Filter>FileDocMap</Filter>
    </ClInclude>
    <ClInclude Include="MapReader\TmxPoint.h">
      <Filter>FileDocMap</Filter>
    </ClInclude>
    <ClInclude Include="MapReader\TmxPolygon.h">
      <Filter>FileDocMap</Filter>
    </ClInclude>
    <ClInclude Include="MapReader\TmxPolyline.h">
      <Filter>FileDocMap</Filter>
    </ClInclude>
    <ClInclude Include="MapReader\TmxPropertySet.h">
      <Filter>FileDocMap</Filter>
    </ClInclude>
    <ClInclude Include="MapReader\TmxTerrain.h">
      <Filter>FileDocMap</Filter>
    </ClInclude>
    <ClInclude Include="QuanLyManGame.h">
      <Filter>3.DieuKhien</Filter>
    </ClInclude>
    <ClInclude Include="Game.h">
      <Filter>1.ThanhPhan</Filter>
    </ClInclude>
    <ClInclude Include="BanDoGame.h">
      <Filter>1.ThanhPhan</Filter>
    </ClInclude>
    <ClInclude Include="Camera.h">
      <Filter>0.NenTang</Filter>
    </ClInclude>
    <ClInclude Include="HinhAnh.h">
      <Filter>0.NenTang</Filter>
    </ClInclude>
    <ClInclude Include="HoatHinh.h">
      <Filter>0.NenTang</Filter>
    </ClInclude>
    <ClInclude Include="ThoiGianGame.h">
      <Filter>0.NenTang</Filter>
    </ClInclude>
    <ClInclude Include="ToanCauGame.h">
      <Filter>0.NenTang</Filter>
    </ClInclude>
    <ClInclude Include="VaChamGame.h">
      <Filter>0.NenTang</Filter>
    </ClInclude>
    <ClInclude Include="KieuDuLieuEnum.h">
      <Filter>0.NenTang</Filter>
    </ClInclude>
    <ClInclude Include="ManGame.h">
      <Filter>2.ManGame</Filter>
    </ClInclude>
    <ClInclude Include="ManGioiThieu.h">
      <Filter>2.ManGame</Filter>
    </ClInclude>
    <ClInclude Include="GachBinhThuong.h">
      <Filter>4.DoiTuong</Filter>
    </ClInclude>
    <ClInclude Include="GachVang.h">
      <Filter>4.DoiTuong</Filter>
    </ClInclude>
    <ClInclude Include="VienGach.h">
      <Filter>4.DoiTuong</Filter>
    </ClInclude>
    <ClInclude Include="DoiTuong.h">
      <Filter>4.DoiTuong</Filter>
    </ClInclude>
    <ClInclude Include="DanhSachDoiTuong.h">
      <Filter>0.NenTang</Filter>
    </ClInclude>
  </ItemGroup>
  <ItemGroup>
    <None Include="MapReader\Tmx.h.in">
      <Filter>FileDocMap</Filter>
    </None>
  </ItemGroup>
</Project>